{
  "name": "stele-textop-oracle",
  "lockfileVersion": 3,
  "requires": true,
  "packages": {
    "": {
      "name": "stele-textop-oracle",
      "dependencies": {
        "ot": "0.0.15"
      }
    },
    "node_modules/ot": {
      "version": "0.0.15",
      "resolved": "https://registry.npmjs.org/ot/-/ot-0.0.15.tgz",
      "integrity": "sha512-Bl7YcrV+R+UPPi1cWocHH8oUh1qaYEZdzRep5PpXesfN62PUrez92m17Za5+E1SWgtIx7SsvcH5yLliWEKhcCA=="
    }
  }
}
